
Microsoft Visual Studio Solution File, Format Version 12.00
# Visual Studio Version 16
VisualStudioVersion = 16.0.30907.101
MinimumVisualStudioVersion = 10.0.40219.1
Project("{FAE04EC0-301F-11D3-BF4B-00C04F79EFBC}") = "ConsoleApp1", "ConsoleApp1\ConsoleApp1.csproj", "{3C1EBDBC-D586-42E6-8BBD-7F93AF6FC920}"
EndProject
Global
	GlobalSection(SolutionConfigurationPlatforms) = preSolution
		Debug|Any CPU = Debug|Any CPU
		Release|Any CPU = Release|Any CPU
	EndGlobalSection
	GlobalSection(ProjectConfigurationPlatforms) = postSolution
		{3C1EBDBC-D586-42E6-8BBD-7F93AF6FC920}.Debug|Any CPU.ActiveCfg = Debug|Any CPU
		{3C1EBDBC-D586-42E6-8BBD-7F93AF6FC920}.Debug|Any CPU.Build.0 = Debug|Any CPU
		{3C1EBDBC-D586-42E6-8BBD-7F93AF6FC920}.Release|Any CPU.ActiveCfg = Release|Any CPU
		{3C1EBDBC-D586-42E6-8BBD-7F93AF6FC920}.Release|Any CPU.Build.0 = Release|Any CPU
	EndGlobalSection
	GlobalSection(SolutionProperties) = preSolution
		HideSolutionNode = FALSE
	EndGlobalSection
	GlobalSection(ExtensibilityGlobals) = postSolution
		SolutionGuid = {D6C905FD-2BE0-4F1D-B428-5F2356CA369F}
	EndGlobalSection
EndGlobal
